{
    "_readme": [
        "This file locks the dependencies of your project to a known state",
        "Read more about it at https://getcomposer.org/doc/01-basic-usage.md#installing-dependencies",
        "This file is @generated automatically"
    ],
    "content-hash": "903e49b42b8d9caa6b28cb7301c70003",
    "packages": [
        {
            "name": "sixstaredu/swostar-frame",
            "version": "dev-master",
            "dist": {
                "type": "path",
                "url": "../swostar",
                "reference": "4d3634e4c5702d0e97ff192487f570e1ec0c5e7c"
            },
            "type": "library",
            "autoload": {
                "psr-4": {
                    "SwoStar\\": "./src/"
                },
                "files": [
                    "src/Supper/Helper.php"
                ]
            },
            "authors": [
                {
                    "name": "shineyork",
                    "email": "shineyork@sixstaredu.com"
                }
            ]
        }
    ],
    "packages-dev": [],
    "aliases": [],
    "minimum-stability": "stable",
    "stability-flags": {
        "sixstaredu/swostar-frame": 20
    },
    "prefer-stable": false,
    "prefer-lowest": false,
    "platform": [],
    "platform-dev": []
}
